
Microsoft Visual Studio Solution File, Format Version 12.00
# Visual Studio 14
VisualStudioVersion = 14.0.25420.1
MinimumVisualStudioVersion = 10.0.40219.1
Project("{FAE04EC0-301F-11D3-BF4B-00C04F79EFBC}") = "DecoratorPattern", "DecoratorPattern\DecoratorPattern.csproj", "{BDD81D32-D7BC-4283-A06D-1D00F3EC74AE}"
EndProject
Global
	GlobalSection(SolutionConfigurationPlatforms) = preSolution
		Debug|Any CPU = Debug|Any CPU
		Release|Any CPU = Release|Any CPU
	EndGlobalSection
	GlobalSection(ProjectConfigurationPlatforms) = postSolution
		{BDD81D32-D7BC-4283-A06D-1D00F3EC74AE}.Debug|Any CPU.ActiveCfg = Debug|Any CPU
		{BDD81D32-D7BC-4283-A06D-1D00F3EC74AE}.Debug|Any CPU.Build.0 = Debug|Any CPU
		{BDD81D32-D7BC-4283-A06D-1D00F3EC74AE}.Release|Any CPU.ActiveCfg = Release|Any CPU
		{BDD81D32-D7BC-4283-A06D-1D00F3EC74AE}.Release|Any CPU.Build.0 = Release|Any CPU
	EndGlobalSection
	GlobalSection(SolutionProperties) = preSolution
		HideSolutionNode = FALSE
	EndGlobalSection
EndGlobal
